# Generated by conda-lock.
# platform: win-64
# input_hash: cfc0967454ca55f36570ed6b9923fad1682d5f772f3e6d8277b7adccdae7fac8
@EXPLICIT
https://conda.anaconda.org/conda-forge/win-64/ca-certificates-2022.5.18.1-h5b45459_0.tar.bz2#8fd522807e4af321181e74ae05f27ec8
https://conda.anaconda.org/conda-forge/win-64/intel-openmp-2022.1.0-h57928b3_3787.tar.bz2#35dff2b6e944ce136a574c4c006cec28
https://conda.anaconda.org/conda-forge/win-64/mkl-include-2022.1.0-h6a75c08_874.tar.bz2#414f6ab96ad71e7a95bd00d990fa3473
https://conda.anaconda.org/conda-forge/win-64/msys2-conda-epoch-20160418-1.tar.bz2#b0309b72560df66f71a9d5e34a5efdfa
https://conda.anaconda.org/conda-forge/noarch/pybind11-abi-4-hd8ed1ab_3.tar.bz2#878f923dd6acc8aeb47a75da6c4098be
https://conda.anaconda.org/pytorch/noarch/pytorch-mutex-1.0-cuda.tar.bz2#a948316e36fb5b11223b3fcfa93f8358
https://conda.anaconda.org/conda-forge/noarch/tzdata-2022a-h191b570_0.tar.bz2#84be5301069417a2221187d2f435e0f7
https://conda.anaconda.org/conda-forge/win-64/ucrt-10.0.20348.0-h57928b3_0.tar.bz2#6d666b6ea8251231ff508062d1e41f9c
https://conda.anaconda.org/conda-forge/win-64/m2w64-gmp-6.1.0-2.tar.bz2#53a1c73e1e3d185516d7e3af177596d9
https://conda.anaconda.org/conda-forge/win-64/m2w64-libwinpthread-git-5.0.0.4634.697f757-2.tar.bz2#774130a326dee16f1ceb05cc687ee4f0
https://conda.anaconda.org/conda-forge/win-64/vs2015_runtime-14.29.30037-h902a5da_6.tar.bz2#33d07ebe91062743eabc9e53a60d18e1
https://conda.anaconda.org/conda-forge/win-64/m2w64-gcc-libs-core-5.3.0-7.tar.bz2#4289d80fb4d272f1f3b56cfe87ac90bd
https://conda.anaconda.org/conda-forge/win-64/vc-14.2-hb210afc_6.tar.bz2#c2aecbc9b00ba6f352e27d3d61fd31fb
https://conda.anaconda.org/conda-forge/win-64/bzip2-1.0.8-h8ffe710_4.tar.bz2#7c03c66026944073040cb19a4f3ec3c9
https://conda.anaconda.org/conda-forge/win-64/cudatoolkit-11.5.1-hac7d16d_10.tar.bz2#6da7c7c7136f7962ce0d2189ec1fccfc
https://conda.anaconda.org/conda-forge/win-64/libffi-3.4.2-h8ffe710_5.tar.bz2#2c96d1b6915b408893f9472569dee135
https://conda.anaconda.org/conda-forge/win-64/libiconv-1.16-he774522_0.tar.bz2#bdfeadc9348e4d9fbe4821e81bf8f221
https://conda.anaconda.org/conda-forge/win-64/libuv-1.43.0-h8ffe710_0.tar.bz2#cb03a8d4368f634aa858c4f179dda230
https://conda.anaconda.org/conda-forge/win-64/libzlib-1.2.12-h8ffe710_0.tar.bz2#c3d49ce531c0b5bfe1a8c464ac3c709a
https://conda.anaconda.org/conda-forge/win-64/lz4-c-1.9.3-h8ffe710_1.tar.bz2#d12763533276560a931c1bd3df1adf63
https://conda.anaconda.org/conda-forge/win-64/lzo-2.10-he774522_1000.tar.bz2#d5cf4b7eaa52316f135eed9e8548ad57
https://conda.anaconda.org/conda-forge/win-64/m2w64-gcc-libgfortran-5.3.0-6.tar.bz2#066552ac6b907ec6d72c0ddab29050dc
https://conda.anaconda.org/conda-forge/win-64/openssl-1.1.1o-h8ffe710_0.tar.bz2#afd7ea72111c4cc1fe8101ae2a321bda
https://conda.anaconda.org/conda-forge/win-64/reproc-14.2.3-h8ffe710_0.tar.bz2#843a3cd031e593c24b542206c3444a2b
https://conda.anaconda.org/conda-forge/win-64/sqlite-3.38.5-h8ffe710_0.tar.bz2#9f9c961fc099c7c91a27f38890c42498
https://conda.anaconda.org/conda-forge/win-64/tbb-2021.5.0-h2d74725_1.tar.bz2#8f00f39dbd7deaba11410b0b6e7b2cb4
https://conda.anaconda.org/conda-forge/win-64/tk-8.6.12-h8ffe710_0.tar.bz2#c69a5047cc9291ae40afd4a1ad6f0c0f
https://conda.anaconda.org/conda-forge/win-64/xz-5.2.5-h62dcd97_1.tar.bz2#eabcbfedd14d7c18a514afca09ea0ebb
https://conda.anaconda.org/conda-forge/win-64/yaml-0.2.5-h8ffe710_2.tar.bz2#adbfb9f45d1004a26763652246a33764
https://conda.anaconda.org/conda-forge/win-64/yaml-cpp-0.7.0-h0e60522_1.tar.bz2#c34337907ca7183dea17cbb6ab6cba6e
https://conda.anaconda.org/conda-forge/win-64/krb5-1.19.3-h1176d77_0.tar.bz2#2e0d447ab95d58d3ea1222121ec57f9f
https://conda.anaconda.org/conda-forge/win-64/libsolv-0.7.22-h7755175_0.tar.bz2#f782e1756fd2c9b62931e95363e0205a
https://conda.anaconda.org/conda-forge/win-64/m2w64-gcc-libs-5.3.0-7.tar.bz2#fe759119b8b3bfa720b8762c6fdc35de
https://conda.anaconda.org/conda-forge/win-64/mkl-2022.1.0-h6a75c08_874.tar.bz2#2ff89a7337a9636029b4db9466e9f8e3
https://conda.anaconda.org/conda-forge/win-64/python-3.9.13-h9a09f29_0_cpython.tar.bz2#37804c90e761e13ba0d09ddc239f6de6
https://conda.anaconda.org/conda-forge/win-64/reproc-cpp-14.2.3-h0e60522_0.tar.bz2#534e8626893c41ed3b08bbba07396ca3
https://conda.anaconda.org/conda-forge/win-64/zlib-1.2.12-h8ffe710_0.tar.bz2#d512bc564ba90eb83c4ae178d8c6fc72
https://conda.anaconda.org/conda-forge/win-64/zstd-1.5.2-h6255e5f_1.tar.bz2#90702967af600ea2e2c7f7968c0ce099
https://conda.anaconda.org/conda-forge/noarch/cachy-0.3.0-py_0.tar.bz2#808c46dc56ae4a796830129aaf1b51ec
https://conda.anaconda.org/conda-forge/noarch/charset-normalizer-2.0.12-pyhd8ed1ab_0.tar.bz2#1f5b32dabae0f1893ae3283dac7f799e
https://conda.anaconda.org/conda-forge/noarch/colorama-0.4.4-pyh9f0ad1d_0.tar.bz2#c08b4c1326b880ed44f3ffb04803332f
https://conda.anaconda.org/conda-forge/noarch/crashtest-0.3.1-pyhd8ed1ab_0.tar.bz2#b8477552274c1cfdb533e954c76523f1
https://conda.anaconda.org/conda-forge/noarch/distlib-0.3.4-pyhd8ed1ab_0.tar.bz2#7b50d840543d9cdae100e91582c33035
https://conda.anaconda.org/conda-forge/noarch/filelock-3.7.1-pyhd8ed1ab_0.tar.bz2#7556872687250e0ea038eb503da3c44b
https://conda.anaconda.org/conda-forge/noarch/idna-3.3-pyhd8ed1ab_0.tar.bz2#40b50b8b030f5f2f22085c062ed013dd
https://conda.anaconda.org/conda-forge/win-64/libblas-3.9.0-15_win64_mkl.tar.bz2#661187f959fed1821cdd6921a738336d
https://conda.anaconda.org/conda-forge/win-64/libssh2-1.10.0-h680486a_2.tar.bz2#7c3dab9db46226852f9c4c163870e4e4
https://conda.anaconda.org/conda-forge/win-64/libxml2-2.9.14-hf5bbc77_0.tar.bz2#1209fe6f12e1c5e2807a6ec0fa9713f2
https://conda.anaconda.org/conda-forge/noarch/lockfile-0.12.2-py_1.tar.bz2#c104d98e09c47519950cffb8dd5b4f10
https://conda.anaconda.org/conda-forge/win-64/mkl-devel-2022.1.0-h57928b3_875.tar.bz2#6319a06307af296c1dfae93687c283b2
https://conda.anaconda.org/conda-forge/noarch/pastel-0.2.1-pyhd8ed1ab_0.tar.bz2#a4eea5bff523f26442405bc5d1f52adb
https://conda.anaconda.org/conda-forge/noarch/pkginfo-1.8.3-pyhd8ed1ab_0.tar.bz2#0f2d0da112ff6fd76cc3ce038d72d2c9
https://conda.anaconda.org/conda-forge/noarch/platformdirs-2.5.1-pyhd8ed1ab_0.tar.bz2#d5df87964a39f67c46a5448f4e78d9b6
https://conda.anaconda.org/conda-forge/noarch/ptyprocess-0.7.0-pyhd3deb0d_0.tar.bz2#359eeb6536da0e687af562ed265ec263
https://conda.anaconda.org/conda-forge/noarch/pycparser-2.21-pyhd8ed1ab_0.tar.bz2#076becd9e05608f8dc72757d5f3a91ff
https://conda.anaconda.org/conda-forge/noarch/pylev-1.4.0-pyhd8ed1ab_0.tar.bz2#edf8651c4379d9d1495ad6229622d150
https://conda.anaconda.org/conda-forge/noarch/pyparsing-3.0.9-pyhd8ed1ab_0.tar.bz2#e8fbc1b54b25f4b08281467bc13b70cc
https://conda.anaconda.org/conda-forge/win-64/python_abi-3.9-2_cp39.tar.bz2#757068981fb2f97d0cadbba9ae6ae191
https://conda.anaconda.org/conda-forge/noarch/shellingham-1.4.0-pyh44b312d_0.tar.bz2#437655338696f9d0dfdb0a024e66b255
https://conda.anaconda.org/conda-forge/noarch/six-1.16.0-pyh6c4a22f_0.tar.bz2#e5f25f8dbc060e9a8d912e432202afc2
https://conda.anaconda.org/conda-forge/noarch/typing-3.10.0.0-pyhd8ed1ab_0.tar.bz2#e6573ac68718f17b9d4f5c8eda3190f2
https://conda.anaconda.org/conda-forge/noarch/typing_extensions-4.2.0-pyha770c72_1.tar.bz2#f0f7e024f94e23d3bfee0ab777bf335a
https://conda.anaconda.org/conda-forge/noarch/webencodings-0.5.1-py_1.tar.bz2#3563be4c5611a44210d9ba0c16113136
https://conda.anaconda.org/conda-forge/noarch/wheel-0.37.1-pyhd8ed1ab_0.tar.bz2#1ca02aaf78d9c70d9a81a3bed5752022
https://conda.anaconda.org/conda-forge/noarch/zipp-3.8.0-pyhd8ed1ab_0.tar.bz2#050b94cf4a8c760656e51d2d44e4632c
https://conda.anaconda.org/conda-forge/win-64/certifi-2022.5.18.1-py39hcbf5309_0.tar.bz2#9a38f2a69017d1c03fdab3584f1b9623
https://conda.anaconda.org/conda-forge/win-64/cffi-1.15.0-py39h0878f49_0.tar.bz2#9b02bf41ccb19167aa4bb51a7b2b6a9f
https://conda.anaconda.org/conda-forge/noarch/clikit-0.6.2-pyh9f0ad1d_0.tar.bz2#159273f717a11e53b2656f8b6521a5e2
https://conda.anaconda.org/conda-forge/noarch/html5lib-1.1-pyh9f0ad1d_0.tar.bz2#b2355343d6315c892543200231d7154a
https://conda.anaconda.org/conda-forge/win-64/importlib-metadata-4.11.4-py39hcbf5309_0.tar.bz2#299cad452ed23d1ddc29bd877f0135ba
https://conda.anaconda.org/conda-forge/win-64/libarchive-3.5.2-hb45042f_2.tar.bz2#03b610ca9a382fb9833806610c608bcf
https://conda.anaconda.org/conda-forge/win-64/libcblas-3.9.0-15_win64_mkl.tar.bz2#c6012601cd7dde1b4108128fb847de9f
https://conda.anaconda.org/conda-forge/win-64/libcurl-7.83.1-h789b8ee_0.tar.bz2#b70caa5b0251f09a47eeae9f8fc0f5b2
https://conda.anaconda.org/conda-forge/win-64/liblapack-3.9.0-15_win64_mkl.tar.bz2#7915daedfea4cc94ffcaa71cde184f50
https://conda.anaconda.org/conda-forge/win-64/msgpack-python-1.0.4-py39h2e07f2f_0.tar.bz2#f6d772388b96a68d507cfa47c18b8100
https://conda.anaconda.org/conda-forge/noarch/packaging-20.9-pyh44b312d_0.tar.bz2#be69a38e912054a62dc82cc3c7711a64
https://conda.anaconda.org/conda-forge/noarch/pexpect-4.8.0-pyh9f0ad1d_2.tar.bz2#5909e7b978141dd80d28dbf9de627827
https://conda.anaconda.org/conda-forge/win-64/poetry-core-1.0.8-py39hcbf5309_1.tar.bz2#37c97e0f44ac2443e49f346c700697fe
https://conda.anaconda.org/conda-forge/win-64/pycosat-0.6.3-py39hb82d6ee_1010.tar.bz2#1b729df2b745b876518028ec9bc12214
https://conda.anaconda.org/conda-forge/win-64/pywin32-303-py39hb82d6ee_0.tar.bz2#a4550d245aef5246a8b64ff99774e4e9
https://conda.anaconda.org/conda-forge/win-64/pywin32-ctypes-0.2.0-py39hcbf5309_1005.tar.bz2#097be2f0d134cfff8029cd6729cc65b4
https://conda.anaconda.org/conda-forge/win-64/ruamel_yaml-0.15.80-py39hb82d6ee_1007.tar.bz2#3a28e9e2deea2a2effed359bfe04ca3a
https://conda.anaconda.org/conda-forge/win-64/setuptools-62.3.4-py39hcbf5309_0.tar.bz2#7449fb025fce283b001db053fa64b0c2
https://conda.anaconda.org/conda-forge/noarch/tomlkit-0.11.0-pyha770c72_0.tar.bz2#4c3c1c8f8230bd75e69e083b113b2483
https://conda.anaconda.org/conda-forge/noarch/tqdm-4.64.0-pyhd8ed1ab_0.tar.bz2#6642233f341e1900d0c8e6eddb979c14
https://conda.anaconda.org/conda-forge/win-64/virtualenv-20.14.1-py39hcbf5309_0.tar.bz2#401146e835544c0d7d7bb23c3d9e49a2
https://conda.anaconda.org/conda-forge/win-64/win_inet_pton-1.1.0-py39hcbf5309_4.tar.bz2#cde3346ce427c3c58aab6a5d2fe04e37
https://conda.anaconda.org/conda-forge/win-64/brotlipy-0.7.0-py39hb82d6ee_1004.tar.bz2#be56edb5ff4a3049eafa825b98b26ef4
https://conda.anaconda.org/conda-forge/noarch/cleo-0.8.1-pyhd8ed1ab_2.tar.bz2#4c82b11a3d06031bd58e7d869f53d965
https://conda.anaconda.org/conda-forge/win-64/conda-package-handling-1.8.1-py39hb3671d1_1.tar.bz2#45e8832ee50b03fbc84372f2ca618fbc
https://conda.anaconda.org/conda-forge/win-64/cryptography-37.0.2-py39h7bc7c5c_0.tar.bz2#9cb836787e627e1608b6c14c5e28ab8b
https://conda.anaconda.org/conda-forge/noarch/importlib_metadata-4.11.4-hd8ed1ab_0.tar.bz2#9a1925fdb91c81437b8012e48ede6851
https://conda.anaconda.org/conda-forge/win-64/liblapacke-3.9.0-15_win64_mkl.tar.bz2#383596ab975e586b0964b5fd959bea78
https://conda.anaconda.org/conda-forge/win-64/libmamba-0.24.0-h81a967f_1.tar.bz2#bc2f6598c0021173cbfe883a7902fec8
https://conda.anaconda.org/conda-forge/win-64/menuinst-1.4.18-py39hcbf5309_1.tar.bz2#564c5191f13e374a0cc86b5f804b2d61
https://conda.anaconda.org/conda-forge/noarch/pip-22.1.2-pyhd8ed1ab_0.tar.bz2#d29185c662a424f8bea1103270b85c96
https://conda.anaconda.org/conda-forge/win-64/pysocks-1.7.1-py39hcbf5309_5.tar.bz2#535d7e13023ec2e35c5ebe3f22cc7131
https://conda.anaconda.org/conda-forge/win-64/blas-devel-3.9.0-15_win64_mkl.tar.bz2#9504c3464d7df789d8bcb98cba64bd33
https://conda.anaconda.org/conda-forge/win-64/keyring-23.6.0-py39hcbf5309_0.tar.bz2#8f66485e9442b2b60f5d3a19786a3579
https://conda.anaconda.org/conda-forge/win-64/libmambapy-0.24.0-py39h4126fcf_1.tar.bz2#c3b03e75d0eacc1d50a1d8c05bebe889
https://conda.anaconda.org/conda-forge/noarch/pyopenssl-22.0.0-pyhd8ed1ab_0.tar.bz2#1d7e241dfaf5475e893d4b824bb71b44
https://conda.anaconda.org/conda-forge/win-64/blas-2.115-mkl.tar.bz2#7a7efb718a4da3f8f4e4268c5828efe1
https://conda.anaconda.org/conda-forge/noarch/urllib3-1.26.9-pyhd8ed1ab_0.tar.bz2#0ea179ee251aa7100807c35bc0252693
https://conda.anaconda.org/pytorch/win-64/pytorch-1.11.0-py3.9_cuda11.5_cudnn8_0.tar.bz2#f27f86c4b5c1b5486a761dd12f73e4e1
https://conda.anaconda.org/conda-forge/noarch/requests-2.28.0-pyhd8ed1ab_0.tar.bz2#80c4854bb29f39f202819c4d4294d7c5
https://conda.anaconda.org/conda-forge/noarch/cachecontrol-0.12.11-pyhd8ed1ab_0.tar.bz2#6eefee9888f33f150b5d44d616b1a613
https://conda.anaconda.org/conda-forge/win-64/conda-4.13.0-py39hcbf5309_1.tar.bz2#9021ba1556c3b2198bf0e76ff3436fb1
https://conda.anaconda.org/conda-forge/noarch/requests-toolbelt-0.9.1-py_0.tar.bz2#402668adee8fcba9a9c265cdc2a88f5a
https://conda.anaconda.org/conda-forge/win-64/mamba-0.24.0-py39hb3d9227_1.tar.bz2#2a5d257f004fa650522fbbbf155023e8
https://conda.anaconda.org/conda-forge/win-64/poetry-1.1.13-py39hcbf5309_1.tar.bz2#a4336e0300f1a81dbb32b179e2f4dad7
